
Microsoft Visual Studio Solution File, Format Version 12.00
# Visual Studio Version 17
VisualStudioVersion = 17.2.32616.157
MinimumVisualStudioVersion = 10.0.40219.1
Project("{9A19103F-16F7-4668-BE54-9A1E7A4F7556}") = "E-Commerce", "E-Commerce\E-Commerce.csproj", "{FB88EE38-54DC-44A2-8BA7-471193E24760}"
EndProject
Project("{9A19103F-16F7-4668-BE54-9A1E7A4F7556}") = "ECommerce.Common", "src\ECommerce.Common\ECommerce.Common.csproj", "{55121BF1-9965-4E00-B187-DC0978AC47E3}"
EndProject
Project("{2150E333-8FDC-42A3-9474-1A3956D46DE8}") = "Domains", "Domains", "{431DC55E-593F-44E4-8E4C-4ED416AC3569}"
EndProject
Project("{9A19103F-16F7-4668-BE54-9A1E7A4F7556}") = "Products", "src\Domains\Products\Products.csproj", "{D17916AF-524F-40AC-BE46-F40983A3A457}"
EndProject
Project("{9A19103F-16F7-4668-BE54-9A1E7A4F7556}") = "Categories", "src\Domains\Categories\Categories.csproj", "{7E367FF1-C8E8-4373-A0DE-3904809AA120}"
EndProject
Project("{9A19103F-16F7-4668-BE54-9A1E7A4F7556}") = "Customers", "Customers\Customers.csproj", "{FA91FC28-4E02-4F3D-AD3F-E339B9CAC00E}"
EndProject
Project("{9A19103F-16F7-4668-BE54-9A1E7A4F7556}") = "Orders", "Orders\Orders.csproj", "{F84E06CD-601D-4373-8E5C-EBFB60C17C53}"
EndProject
Project("{FAE04EC0-301F-11D3-BF4B-00C04F79EFBC}") = "Sellers", "Sellers\Sellers.csproj", "{0B06038A-9E24-49FF-8D2A-42E9260E216A}"
EndProject
Project("{FAE04EC0-301F-11D3-BF4B-00C04F79EFBC}") = "TransactionReports", "TransactionReports\TransactionReports.csproj", "{5BCCA37B-82D8-4353-B4B7-9DFE5798F770}"
EndProject
Project("{FAE04EC0-301F-11D3-BF4B-00C04F79EFBC}") = "Payments", "Payments\Payments.csproj", "{7479AB38-A025-4B35-B90A-A3E7A9782DC1}"
EndProject
Global
	GlobalSection(SolutionConfigurationPlatforms) = preSolution
		Debug|Any CPU = Debug|Any CPU
		Release|Any CPU = Release|Any CPU
	EndGlobalSection
	GlobalSection(ProjectConfigurationPlatforms) = postSolution
		{FB88EE38-54DC-44A2-8BA7-471193E24760}.Debug|Any CPU.ActiveCfg = Debug|Any CPU
		{FB88EE38-54DC-44A2-8BA7-471193E24760}.Debug|Any CPU.Build.0 = Debug|Any CPU
		{FB88EE38-54DC-44A2-8BA7-471193E24760}.Release|Any CPU.ActiveCfg = Release|Any CPU
		{FB88EE38-54DC-44A2-8BA7-471193E24760}.Release|Any CPU.Build.0 = Release|Any CPU
		{55121BF1-9965-4E00-B187-DC0978AC47E3}.Debug|Any CPU.ActiveCfg = Debug|Any CPU
		{55121BF1-9965-4E00-B187-DC0978AC47E3}.Debug|Any CPU.Build.0 = Debug|Any CPU
		{55121BF1-9965-4E00-B187-DC0978AC47E3}.Release|Any CPU.ActiveCfg = Release|Any CPU
		{55121BF1-9965-4E00-B187-DC0978AC47E3}.Release|Any CPU.Build.0 = Release|Any CPU
		{D17916AF-524F-40AC-BE46-F40983A3A457}.Debug|Any CPU.ActiveCfg = Debug|Any CPU
		{D17916AF-524F-40AC-BE46-F40983A3A457}.Debug|Any CPU.Build.0 = Debug|Any CPU
		{D17916AF-524F-40AC-BE46-F40983A3A457}.Release|Any CPU.ActiveCfg = Release|Any CPU
		{D17916AF-524F-40AC-BE46-F40983A3A457}.Release|Any CPU.Build.0 = Release|Any CPU
		{7E367FF1-C8E8-4373-A0DE-3904809AA120}.Debug|Any CPU.ActiveCfg = Debug|Any CPU
		{7E367FF1-C8E8-4373-A0DE-3904809AA120}.Debug|Any CPU.Build.0 = Debug|Any CPU
		{7E367FF1-C8E8-4373-A0DE-3904809AA120}.Release|Any CPU.ActiveCfg = Release|Any CPU
		{7E367FF1-C8E8-4373-A0DE-3904809AA120}.Release|Any CPU.Build.0 = Release|Any CPU
		{FA91FC28-4E02-4F3D-AD3F-E339B9CAC00E}.Debug|Any CPU.ActiveCfg = Debug|Any CPU
		{FA91FC28-4E02-4F3D-AD3F-E339B9CAC00E}.Debug|Any CPU.Build.0 = Debug|Any CPU
		{FA91FC28-4E02-4F3D-AD3F-E339B9CAC00E}.Release|Any CPU.ActiveCfg = Release|Any CPU
		{FA91FC28-4E02-4F3D-AD3F-E339B9CAC00E}.Release|Any CPU.Build.0 = Release|Any CPU
		{F84E06CD-601D-4373-8E5C-EBFB60C17C53}.Debug|Any CPU.ActiveCfg = Debug|Any CPU
		{F84E06CD-601D-4373-8E5C-EBFB60C17C53}.Debug|Any CPU.Build.0 = Debug|Any CPU
		{F84E06CD-601D-4373-8E5C-EBFB60C17C53}.Release|Any CPU.ActiveCfg = Release|Any CPU
		{F84E06CD-601D-4373-8E5C-EBFB60C17C53}.Release|Any CPU.Build.0 = Release|Any CPU
		{0B06038A-9E24-49FF-8D2A-42E9260E216A}.Debug|Any CPU.ActiveCfg = Debug|Any CPU
		{0B06038A-9E24-49FF-8D2A-42E9260E216A}.Debug|Any CPU.Build.0 = Debug|Any CPU
		{0B06038A-9E24-49FF-8D2A-42E9260E216A}.Release|Any CPU.ActiveCfg = Release|Any CPU
		{0B06038A-9E24-49FF-8D2A-42E9260E216A}.Release|Any CPU.Build.0 = Release|Any CPU
		{5BCCA37B-82D8-4353-B4B7-9DFE5798F770}.Debug|Any CPU.ActiveCfg = Debug|Any CPU
		{5BCCA37B-82D8-4353-B4B7-9DFE5798F770}.Debug|Any CPU.Build.0 = Debug|Any CPU
		{5BCCA37B-82D8-4353-B4B7-9DFE5798F770}.Release|Any CPU.ActiveCfg = Release|Any CPU
		{5BCCA37B-82D8-4353-B4B7-9DFE5798F770}.Release|Any CPU.Build.0 = Release|Any CPU
		{7479AB38-A025-4B35-B90A-A3E7A9782DC1}.Debug|Any CPU.ActiveCfg = Debug|Any CPU
		{7479AB38-A025-4B35-B90A-A3E7A9782DC1}.Debug|Any CPU.Build.0 = Debug|Any CPU
		{7479AB38-A025-4B35-B90A-A3E7A9782DC1}.Release|Any CPU.ActiveCfg = Release|Any CPU
		{7479AB38-A025-4B35-B90A-A3E7A9782DC1}.Release|Any CPU.Build.0 = Release|Any CPU
	EndGlobalSection
	GlobalSection(SolutionProperties) = preSolution
		HideSolutionNode = FALSE
	EndGlobalSection
	GlobalSection(NestedProjects) = preSolution
		{D17916AF-524F-40AC-BE46-F40983A3A457} = {431DC55E-593F-44E4-8E4C-4ED416AC3569}
		{7E367FF1-C8E8-4373-A0DE-3904809AA120} = {431DC55E-593F-44E4-8E4C-4ED416AC3569}
		{FA91FC28-4E02-4F3D-AD3F-E339B9CAC00E} = {431DC55E-593F-44E4-8E4C-4ED416AC3569}
		{F84E06CD-601D-4373-8E5C-EBFB60C17C53} = {431DC55E-593F-44E4-8E4C-4ED416AC3569}
		{0B06038A-9E24-49FF-8D2A-42E9260E216A} = {431DC55E-593F-44E4-8E4C-4ED416AC3569}
		{5BCCA37B-82D8-4353-B4B7-9DFE5798F770} = {431DC55E-593F-44E4-8E4C-4ED416AC3569}
		{7479AB38-A025-4B35-B90A-A3E7A9782DC1} = {431DC55E-593F-44E4-8E4C-4ED416AC3569}
	EndGlobalSection
	GlobalSection(ExtensibilityGlobals) = postSolution
		SolutionGuid = {5208D148-B566-4BA9-AFD0-E57DFA3DB64D}
	EndGlobalSection
EndGlobal
